Microsoft Visual Studio Solution File, Format Version 12.00
# Visual Studio Version 17
VisualStudioVersion = 17.13.35828.75
MinimumVisualStudioVersion = 10.0.40219.1
Project("{FAE04EC0-301F-11D3-BF4B-00C04F79EFBC}") = "BlazorWebApiClientSameSv", "BlazorWebApiClientSameSv\BlazorWebApiClientSameSv.csproj", "{55A1E33C-CAEC-47F3-8170-E19C0E2EC5EA}"
EndProject
Project("{FAE04EC0-301F-11D3-BF4B-00C04F79EFBC}") = "BlazorWebApiClientSameSv.Client", "BlazorWebApiClientSameSv.Client\BlazorWebApiClientSameSv.Client.csproj", "{CE9ED8B6-1C21-4694-86E2-FA698A4B2C52}"
EndProject
Global
	GlobalSection(SolutionConfigurationPlatforms) = preSolution
		Debug|Any CPU = Debug|Any CPU
		Release|Any CPU = Release|Any CPU
	EndGlobalSection
	GlobalSection(ProjectConfigurationPlatforms) = postSolution
		{55A1E33C-CAEC-47F3-8170-E19C0E2EC5EA}.Debug|Any CPU.ActiveCfg = Debug|Any CPU
		{55A1E33C-CAEC-47F3-8170-E19C0E2EC5EA}.Debug|Any CPU.Build.0 = Debug|Any CPU
		{55A1E33C-CAEC-47F3-8170-E19C0E2EC5EA}.Release|Any CPU.ActiveCfg = Release|Any CPU
		{55A1E33C-CAEC-47F3-8170-E19C0E2EC5EA}.Release|Any CPU.Build.0 = Release|Any CPU
		{CE9ED8B6-1C21-4694-86E2-FA698A4B2C52}.Debug|Any CPU.ActiveCfg = Debug|Any CPU
		{CE9ED8B6-1C21-4694-86E2-FA698A4B2C52}.Debug|Any CPU.Build.0 = Debug|Any CPU
		{CE9ED8B6-1C21-4694-86E2-FA698A4B2C52}.Release|Any CPU.ActiveCfg = Release|Any CPU
		{CE9ED8B6-1C21-4694-86E2-FA698A4B2C52}.Release|Any CPU.Build.0 = Release|Any CPU
	EndGlobalSection
	GlobalSection(SolutionProperties) = preSolution
		HideSolutionNode = FALSE
	EndGlobalSection
	GlobalSection(ExtensibilityGlobals) = postSolution
		SolutionGuid = {C743216C-7478-4969-A204-40A756FB9A46}
	EndGlobalSection
EndGlobal
