Microsoft Visual Studio Solution File, Format Version 12.00
# Visual Studio Version 17
VisualStudioVersion = 17.13.35828.75
MinimumVisualStudioVersion = 10.0.40219.1
Project("{FAE04EC0-301F-11D3-BF4B-00C04F79EFBC}") = "BlazorInteractiveClient", "BlazorInteractiveClient\BlazorInteractiveClient\BlazorInteractiveClient.csproj", "{ABDB2D2C-95A5-4660-BB69-CCD2CC1F3BB3}"
EndProject
Project("{FAE04EC0-301F-11D3-BF4B-00C04F79EFBC}") = "BlazorInteractiveClient.Client", "BlazorInteractiveClient\BlazorInteractiveClient.Client\BlazorInteractiveClient.Client.csproj", "{A81CA57A-1B7A-4F2F-A078-56062C0D16DD}"
EndProject
Global
	GlobalSection(SolutionConfigurationPlatforms) = preSolution
		Debug|Any CPU = Debug|Any CPU
		Release|Any CPU = Release|Any CPU
	EndGlobalSection
	GlobalSection(ProjectConfigurationPlatforms) = postSolution
		{ABDB2D2C-95A5-4660-BB69-CCD2CC1F3BB3}.Debug|Any CPU.ActiveCfg = Debug|Any CPU
		{ABDB2D2C-95A5-4660-BB69-CCD2CC1F3BB3}.Debug|Any CPU.Build.0 = Debug|Any CPU
		{ABDB2D2C-95A5-4660-BB69-CCD2CC1F3BB3}.Release|Any CPU.ActiveCfg = Release|Any CPU
		{ABDB2D2C-95A5-4660-BB69-CCD2CC1F3BB3}.Release|Any CPU.Build.0 = Release|Any CPU
		{A81CA57A-1B7A-4F2F-A078-56062C0D16DD}.Debug|Any CPU.ActiveCfg = Debug|Any CPU
		{A81CA57A-1B7A-4F2F-A078-56062C0D16DD}.Debug|Any CPU.Build.0 = Debug|Any CPU
		{A81CA57A-1B7A-4F2F-A078-56062C0D16DD}.Release|Any CPU.ActiveCfg = Release|Any CPU
		{A81CA57A-1B7A-4F2F-A078-56062C0D16DD}.Release|Any CPU.Build.0 = Release|Any CPU
	EndGlobalSection
	GlobalSection(SolutionProperties) = preSolution
		HideSolutionNode = FALSE
	EndGlobalSection
	GlobalSection(ExtensibilityGlobals) = postSolution
		SolutionGuid = {24B820E3-1E66-4D27-8DE2-6356B21D9B21}
	EndGlobalSection
EndGlobal
