Microsoft Visual Studio Solution File, Format Version 12.00
# Visual Studio Version 17
VisualStudioVersion = 17.13.35828.75
MinimumVisualStudioVersion = 10.0.40219.1
Project("{FAE04EC0-301F-11D3-BF4B-00C04F79EFBC}") = "BlazorInteractiveServer", "BlazorInteractiveServer\BlazorInteractiveServer.csproj", "{14E90A9F-009B-404B-9E21-85F6F24C24E7}"
EndProject
Global
	GlobalSection(SolutionConfigurationPlatforms) = preSolution
		Debug|Any CPU = Debug|Any CPU
		Release|Any CPU = Release|Any CPU
	EndGlobalSection
	GlobalSection(ProjectConfigurationPlatforms) = postSolution
		{14E90A9F-009B-404B-9E21-85F6F24C24E7}.Debug|Any CPU.ActiveCfg = Debug|Any CPU
		{14E90A9F-009B-404B-9E21-85F6F24C24E7}.Debug|Any CPU.Build.0 = Debug|Any CPU
		{14E90A9F-009B-404B-9E21-85F6F24C24E7}.Release|Any CPU.ActiveCfg = Release|Any CPU
		{14E90A9F-009B-404B-9E21-85F6F24C24E7}.Release|Any CPU.Build.0 = Release|Any CPU
	EndGlobalSection
	GlobalSection(SolutionProperties) = preSolution
		HideSolutionNode = FALSE
	EndGlobalSection
	GlobalSection(ExtensibilityGlobals) = postSolution
		SolutionGuid = {D0666C28-5774-4DB2-B11A-11C307CE5222}
	EndGlobalSection
EndGlobal
