Microsoft Visual Studio Solution File, Format Version 12.00
# Visual Studio Version 17
VisualStudioVersion = 17.13.35828.75
MinimumVisualStudioVersion = 10.0.40219.1
Project("{FAE04EC0-301F-11D3-BF4B-00C04F79EFBC}") = "BlazorSvgClientGlobal", "BlazorSvgClientGlobal\BlazorSvgClientGlobal\BlazorSvgClientGlobal.csproj", "{DC20DF0B-058D-4092-A805-F81C69C4948A}"
EndProject
Project("{FAE04EC0-301F-11D3-BF4B-00C04F79EFBC}") = "BlazorSvgClientGlobal.Client", "BlazorSvgClientGlobal\BlazorSvgClientGlobal.Client\BlazorSvgClientGlobal.Client.csproj", "{115A4D29-98E7-4327-B3EE-AE73BB3AD1BE}"
EndProject
Global
	GlobalSection(SolutionConfigurationPlatforms) = preSolution
		Debug|Any CPU = Debug|Any CPU
		Release|Any CPU = Release|Any CPU
	EndGlobalSection
	GlobalSection(ProjectConfigurationPlatforms) = postSolution
		{DC20DF0B-058D-4092-A805-F81C69C4948A}.Debug|Any CPU.ActiveCfg = Debug|Any CPU
		{DC20DF0B-058D-4092-A805-F81C69C4948A}.Debug|Any CPU.Build.0 = Debug|Any CPU
		{DC20DF0B-058D-4092-A805-F81C69C4948A}.Release|Any CPU.ActiveCfg = Release|Any CPU
		{DC20DF0B-058D-4092-A805-F81C69C4948A}.Release|Any CPU.Build.0 = Release|Any CPU
		{115A4D29-98E7-4327-B3EE-AE73BB3AD1BE}.Debug|Any CPU.ActiveCfg = Debug|Any CPU
		{115A4D29-98E7-4327-B3EE-AE73BB3AD1BE}.Debug|Any CPU.Build.0 = Debug|Any CPU
		{115A4D29-98E7-4327-B3EE-AE73BB3AD1BE}.Release|Any CPU.ActiveCfg = Release|Any CPU
		{115A4D29-98E7-4327-B3EE-AE73BB3AD1BE}.Release|Any CPU.Build.0 = Release|Any CPU
	EndGlobalSection
	GlobalSection(SolutionProperties) = preSolution
		HideSolutionNode = FALSE
	EndGlobalSection
	GlobalSection(ExtensibilityGlobals) = postSolution
		SolutionGuid = {D381AFAB-5487-4627-8E14-45317A56DB42}
	EndGlobalSection
EndGlobal
