Microsoft Visual Studio Solution File, Format Version 12.00
# Visual Studio Version 17
VisualStudioVersion = 17.13.35828.75
MinimumVisualStudioVersion = 10.0.40219.1
Project("{FAE04EC0-301F-11D3-BF4B-00C04F79EFBC}") = "BlazorSvgClient", "BlazorSvgClient\BlazorSvgClient\BlazorSvgClient.csproj", "{A1B72D78-BF6E-465B-B429-E37BEAA55FB3}"
EndProject
Project("{FAE04EC0-301F-11D3-BF4B-00C04F79EFBC}") = "BlazorSvgClient.Client", "BlazorSvgClient\BlazorSvgClient.Client\BlazorSvgClient.Client.csproj", "{75C21456-8ED6-470C-8299-1A25FFFF4B9B}"
EndProject
Global
	GlobalSection(SolutionConfigurationPlatforms) = preSolution
		Debug|Any CPU = Debug|Any CPU
		Release|Any CPU = Release|Any CPU
	EndGlobalSection
	GlobalSection(ProjectConfigurationPlatforms) = postSolution
		{A1B72D78-BF6E-465B-B429-E37BEAA55FB3}.Debug|Any CPU.ActiveCfg = Debug|Any CPU
		{A1B72D78-BF6E-465B-B429-E37BEAA55FB3}.Debug|Any CPU.Build.0 = Debug|Any CPU
		{A1B72D78-BF6E-465B-B429-E37BEAA55FB3}.Release|Any CPU.ActiveCfg = Release|Any CPU
		{A1B72D78-BF6E-465B-B429-E37BEAA55FB3}.Release|Any CPU.Build.0 = Release|Any CPU
		{75C21456-8ED6-470C-8299-1A25FFFF4B9B}.Debug|Any CPU.ActiveCfg = Debug|Any CPU
		{75C21456-8ED6-470C-8299-1A25FFFF4B9B}.Debug|Any CPU.Build.0 = Debug|Any CPU
		{75C21456-8ED6-470C-8299-1A25FFFF4B9B}.Release|Any CPU.ActiveCfg = Release|Any CPU
		{75C21456-8ED6-470C-8299-1A25FFFF4B9B}.Release|Any CPU.Build.0 = Release|Any CPU
	EndGlobalSection
	GlobalSection(SolutionProperties) = preSolution
		HideSolutionNode = FALSE
	EndGlobalSection
	GlobalSection(ExtensibilityGlobals) = postSolution
		SolutionGuid = {C5A03B94-924B-42E2-9452-B3646752658C}
	EndGlobalSection
EndGlobal
