
Microsoft Visual Studio Solution File, Format Version 12.00
# Visual Studio Version 17
VisualStudioVersion = 17.12.35527.113
MinimumVisualStudioVersion = 10.0.40219.1
Project("{FAE04EC0-301F-11D3-BF4B-00C04F79EFBC}") = "BlazorSv", "BlazorSv\BlazorSv.csproj", "{CA89F4E1-0C24-4020-8DAE-5AF200238B8D}"
EndProject
Project("{FAE04EC0-301F-11D3-BF4B-00C04F79EFBC}") = "BlazorSvMySql", "BlazorSvMySql\BlazorSvMySql.csproj", "{B174E8C9-90C2-4C85-A157-25243C193C2F}"
EndProject
Global
	GlobalSection(SolutionConfigurationPlatforms) = preSolution
		Debug|Any CPU = Debug|Any CPU
		Release|Any CPU = Release|Any CPU
	EndGlobalSection
	GlobalSection(ProjectConfigurationPlatforms) = postSolution
		{CA89F4E1-0C24-4020-8DAE-5AF200238B8D}.Debug|Any CPU.ActiveCfg = Debug|Any CPU
		{CA89F4E1-0C24-4020-8DAE-5AF200238B8D}.Debug|Any CPU.Build.0 = Debug|Any CPU
		{CA89F4E1-0C24-4020-8DAE-5AF200238B8D}.Release|Any CPU.ActiveCfg = Release|Any CPU
		{CA89F4E1-0C24-4020-8DAE-5AF200238B8D}.Release|Any CPU.Build.0 = Release|Any CPU
		{B174E8C9-90C2-4C85-A157-25243C193C2F}.Debug|Any CPU.ActiveCfg = Debug|Any CPU
		{B174E8C9-90C2-4C85-A157-25243C193C2F}.Debug|Any CPU.Build.0 = Debug|Any CPU
		{B174E8C9-90C2-4C85-A157-25243C193C2F}.Release|Any CPU.ActiveCfg = Release|Any CPU
		{B174E8C9-90C2-4C85-A157-25243C193C2F}.Release|Any CPU.Build.0 = Release|Any CPU
	EndGlobalSection
	GlobalSection(SolutionProperties) = preSolution
		HideSolutionNode = FALSE
	EndGlobalSection
EndGlobal
