
Microsoft Visual Studio Solution File, Format Version 12.00
# Visual Studio Version 17
VisualStudioVersion = 17.12.35527.113 d17.12
MinimumVisualStudioVersion = 10.0.40219.1
Project("{FAE04EC0-301F-11D3-BF4B-00C04F79EFBC}") = "BlazorSv", "BlazorSv\BlazorSv.csproj", "{469E45AE-E15C-42DD-A612-E3672C0CBD8E}"
EndProject
Project("{FAE04EC0-301F-11D3-BF4B-00C04F79EFBC}") = "BlazorSvMySql", "BlazorSvMySql\BlazorSvMySql.csproj", "{FFA87F9A-D5B0-4D60-9F24-06C64C0C7243}"
EndProject
Global
	GlobalSection(SolutionConfigurationPlatforms) = preSolution
		Debug|Any CPU = Debug|Any CPU
		Release|Any CPU = Release|Any CPU
	EndGlobalSection
	GlobalSection(ProjectConfigurationPlatforms) = postSolution
		{469E45AE-E15C-42DD-A612-E3672C0CBD8E}.Debug|Any CPU.ActiveCfg = Debug|Any CPU
		{469E45AE-E15C-42DD-A612-E3672C0CBD8E}.Debug|Any CPU.Build.0 = Debug|Any CPU
		{469E45AE-E15C-42DD-A612-E3672C0CBD8E}.Release|Any CPU.ActiveCfg = Release|Any CPU
		{469E45AE-E15C-42DD-A612-E3672C0CBD8E}.Release|Any CPU.Build.0 = Release|Any CPU
		{FFA87F9A-D5B0-4D60-9F24-06C64C0C7243}.Debug|Any CPU.ActiveCfg = Debug|Any CPU
		{FFA87F9A-D5B0-4D60-9F24-06C64C0C7243}.Debug|Any CPU.Build.0 = Debug|Any CPU
		{FFA87F9A-D5B0-4D60-9F24-06C64C0C7243}.Release|Any CPU.ActiveCfg = Release|Any CPU
		{FFA87F9A-D5B0-4D60-9F24-06C64C0C7243}.Release|Any CPU.Build.0 = Release|Any CPU
	EndGlobalSection
	GlobalSection(SolutionProperties) = preSolution
		HideSolutionNode = FALSE
	EndGlobalSection
EndGlobal
