
Microsoft Visual Studio Solution File, Format Version 12.00
# Visual Studio Version 17
VisualStudioVersion = 17.12.35527.113
MinimumVisualStudioVersion = 10.0.40219.1
Project("{FAE04EC0-301F-11D3-BF4B-00C04F79EFBC}") = "BlazorSv", "BlazorSv\BlazorSv.csproj", "{469E45AE-E15C-42DD-A612-E3672C0CBD8E}"
EndProject
Project("{FAE04EC0-301F-11D3-BF4B-00C04F79EFBC}") = "BlazorSvMySql", "BlazorSvMySql\BlazorSvMySql.csproj", "{A4F935E9-86FF-43E9-26F0-7329EC31722C}"
EndProject
Global
	GlobalSection(SolutionConfigurationPlatforms) = preSolution
		Debug|Any CPU = Debug|Any CPU
		Release|Any CPU = Release|Any CPU
	EndGlobalSection
	GlobalSection(ProjectConfigurationPlatforms) = postSolution
		{469E45AE-E15C-42DD-A612-E3672C0CBD8E}.Debug|Any CPU.ActiveCfg = Debug|Any CPU
		{469E45AE-E15C-42DD-A612-E3672C0CBD8E}.Debug|Any CPU.Build.0 = Debug|Any CPU
		{469E45AE-E15C-42DD-A612-E3672C0CBD8E}.Release|Any CPU.ActiveCfg = Release|Any CPU
		{469E45AE-E15C-42DD-A612-E3672C0CBD8E}.Release|Any CPU.Build.0 = Release|Any CPU
		{A4F935E9-86FF-43E9-26F0-7329EC31722C}.Debug|Any CPU.ActiveCfg = Debug|Any CPU
		{A4F935E9-86FF-43E9-26F0-7329EC31722C}.Debug|Any CPU.Build.0 = Debug|Any CPU
		{A4F935E9-86FF-43E9-26F0-7329EC31722C}.Release|Any CPU.ActiveCfg = Release|Any CPU
		{A4F935E9-86FF-43E9-26F0-7329EC31722C}.Release|Any CPU.Build.0 = Release|Any CPU
	EndGlobalSection
	GlobalSection(SolutionProperties) = preSolution
		HideSolutionNode = FALSE
	EndGlobalSection
	GlobalSection(ExtensibilityGlobals) = postSolution
		SolutionGuid = {8FE841C6-EA16-4688-AE73-CFB00870A75A}
	EndGlobalSection
EndGlobal
