
Microsoft Visual Studio Solution File, Format Version 12.00
# Visual Studio Version 17
VisualStudioVersion = 17.12.35527.113 d17.12
MinimumVisualStudioVersion = 10.0.40219.1
Project("{FAE04EC0-301F-11D3-BF4B-00C04F79EFBC}") = "BlazorWebAppClientRender", "BlazorWebAppClientRender\BlazorWebAppClientRender\BlazorWebAppClientRender.csproj", "{BD5F52DB-6617-40AA-8A22-1E71C0DF58E5}"
EndProject
Project("{FAE04EC0-301F-11D3-BF4B-00C04F79EFBC}") = "BlazorWebAppClientRender.Client", "BlazorWebAppClientRender\BlazorWebAppClientRender.Client\BlazorWebAppClientRender.Client.csproj", "{2EBF0093-BBB6-45FD-9C64-54661BB1B33A}"
EndProject
Global
	GlobalSection(SolutionConfigurationPlatforms) = preSolution
		Debug|Any CPU = Debug|Any CPU
		Release|Any CPU = Release|Any CPU
	EndGlobalSection
	GlobalSection(ProjectConfigurationPlatforms) = postSolution
		{BD5F52DB-6617-40AA-8A22-1E71C0DF58E5}.Debug|Any CPU.ActiveCfg = Debug|Any CPU
		{BD5F52DB-6617-40AA-8A22-1E71C0DF58E5}.Debug|Any CPU.Build.0 = Debug|Any CPU
		{BD5F52DB-6617-40AA-8A22-1E71C0DF58E5}.Release|Any CPU.ActiveCfg = Release|Any CPU
		{BD5F52DB-6617-40AA-8A22-1E71C0DF58E5}.Release|Any CPU.Build.0 = Release|Any CPU
		{2EBF0093-BBB6-45FD-9C64-54661BB1B33A}.Debug|Any CPU.ActiveCfg = Debug|Any CPU
		{2EBF0093-BBB6-45FD-9C64-54661BB1B33A}.Debug|Any CPU.Build.0 = Debug|Any CPU
		{2EBF0093-BBB6-45FD-9C64-54661BB1B33A}.Release|Any CPU.ActiveCfg = Release|Any CPU
		{2EBF0093-BBB6-45FD-9C64-54661BB1B33A}.Release|Any CPU.Build.0 = Release|Any CPU
	EndGlobalSection
	GlobalSection(SolutionProperties) = preSolution
		HideSolutionNode = FALSE
	EndGlobalSection
EndGlobal
