Microsoft Visual Studio Solution File, Format Version 12.00
# Visual Studio Version 17
VisualStudioVersion = 17.5.2.0
MinimumVisualStudioVersion = 10.0.40219.1
Project("{FAE04EC0-301F-11D3-BF4B-00C04F79EFBC}") = "BlazorSv", "BlazorSv.csproj", "{3197B8F1-0DF9-3BD5-3A7C-7C6752F709DC}"
EndProject
Global
	GlobalSection(SolutionConfigurationPlatforms) = preSolution
		Debug|Any CPU = Debug|Any CPU
		Release|Any CPU = Release|Any CPU
	EndGlobalSection
	GlobalSection(ProjectConfigurationPlatforms) = postSolution
		{3197B8F1-0DF9-3BD5-3A7C-7C6752F709DC}.Debug|Any CPU.ActiveCfg = Debug|Any CPU
		{3197B8F1-0DF9-3BD5-3A7C-7C6752F709DC}.Debug|Any CPU.Build.0 = Debug|Any CPU
		{3197B8F1-0DF9-3BD5-3A7C-7C6752F709DC}.Release|Any CPU.ActiveCfg = Release|Any CPU
		{3197B8F1-0DF9-3BD5-3A7C-7C6752F709DC}.Release|Any CPU.Build.0 = Release|Any CPU
	EndGlobalSection
	GlobalSection(SolutionProperties) = preSolution
		HideSolutionNode = FALSE
	EndGlobalSection
	GlobalSection(ExtensibilityGlobals) = postSolution
		SolutionGuid = {507F931C-C46F-440A-94E2-B1B8504A2B83}
	EndGlobalSection
EndGlobal
